
Microsoft Visual Studio Solution File, Format Version 11.00
# Visual Studio 2010
Project("{FAE04EC0-301F-11D3-BF4B-00C04F79EFBC}") = "WirtualnyMagazyn", "WirtualnyMagazyn\WirtualnyMagazyn.csproj", "{2736A72D-A5C0-4E74-BA50-320C03D72E7D}"
EndProject
Global
	GlobalSection(SolutionConfigurationPlatforms) = preSolution
		Debug|Any CPU = Debug|Any CPU
		Release|Any CPU = Release|Any CPU
	EndGlobalSection
	GlobalSection(ProjectConfigurationPlatforms) = postSolution
		{2736A72D-A5C0-4E74-BA50-320C03D72E7D}.Debug|Any CPU.ActiveCfg = Debug|Any CPU
		{2736A72D-A5C0-4E74-BA50-320C03D72E7D}.Debug|Any CPU.Build.0 = Debug|Any CPU
		{2736A72D-A5C0-4E74-BA50-320C03D72E7D}.Release|Any CPU.ActiveCfg = Release|Any CPU
		{2736A72D-A5C0-4E74-BA50-320C03D72E7D}.Release|Any CPU.Build.0 = Release|Any CPU
	EndGlobalSection
	GlobalSection(SolutionProperties) = preSolution
		HideSolutionNode = FALSE
	EndGlobalSection
EndGlobal
